
Microsoft Visual Studio Solution File, Format Version 12.00
# Visual Studio Version 17
VisualStudioVersion = 17.14.36203.30 d17.14
MinimumVisualStudioVersion = 10.0.40219.1
Project("{FAE04EC0-301F-11D3-BF4B-00C04F79EFBC}") = "Domain", "Domain\Domain.csproj", "{E295B1B9-4E70-4BC1-98D9-9CC40FC888FC}"
EndProject
Global
	GlobalSection(SolutionConfigurationPlatforms) = preSolution
		Debug|Any CPU = Debug|Any CPU
		Release|Any CPU = Release|Any CPU
	EndGlobalSection
	GlobalSection(ProjectConfigurationPlatforms) = postSolution
		{E295B1B9-4E70-4BC1-98D9-9CC40FC888FC}.Debug|Any CPU.ActiveCfg = Debug|Any CPU
		{E295B1B9-4E70-4BC1-98D9-9CC40FC888FC}.Debug|Any CPU.Build.0 = Debug|Any CPU
		{E295B1B9-4E70-4BC1-98D9-9CC40FC888FC}.Release|Any CPU.ActiveCfg = Release|Any CPU
		{E295B1B9-4E70-4BC1-98D9-9CC40FC888FC}.Release|Any CPU.Build.0 = Release|Any CPU
	EndGlobalSection
	GlobalSection(SolutionProperties) = preSolution
		HideSolutionNode = FALSE
	EndGlobalSection
	GlobalSection(ExtensibilityGlobals) = postSolution
		SolutionGuid = {974FFBFF-75E6-4CA1-9E2D-826FA9AACF66}
	EndGlobalSection
EndGlobal
